
Microsoft Visual Studio Solution File, Format Version 12.00
# Visual Studio 15
VisualStudioVersion = 15.0.28307.960
MinimumVisualStudioVersion = 10.0.40219.1
Project("{FAE04EC0-301F-11D3-BF4B-00C04F79EFBC}") = "WebApplication2", "WebApplication2\WebApplication2.csproj", "{FD57C950-6657-4D18-A6CA-AB6335D4F9FB}"
EndProject
Global
	GlobalSection(SolutionConfigurationPlatforms) = preSolution
		Debug|Any CPU = Debug|Any CPU
		Release|Any CPU = Release|Any CPU
	EndGlobalSection
	GlobalSection(ProjectConfigurationPlatforms) = postSolution
		{FD57C950-6657-4D18-A6CA-AB6335D4F9FB}.Debug|Any CPU.ActiveCfg = Debug|Any CPU
		{FD57C950-6657-4D18-A6CA-AB6335D4F9FB}.Debug|Any CPU.Build.0 = Debug|Any CPU
		{FD57C950-6657-4D18-A6CA-AB6335D4F9FB}.Release|Any CPU.ActiveCfg = Release|Any CPU
		{FD57C950-6657-4D18-A6CA-AB6335D4F9FB}.Release|Any CPU.Build.0 = Release|Any CPU
	EndGlobalSection
	GlobalSection(SolutionProperties) = preSolution
		HideSolutionNode = FALSE
	EndGlobalSection
	GlobalSection(ExtensibilityGlobals) = postSolution
		SolutionGuid = {BF580326-4750-4B37-B7A3-AA51904500C3}
	EndGlobalSection
EndGlobal
